// !$*UTF8*$!
{
	archiveVersion = 1;
	classes = {
	};
	objectVersion = 46;
	objects = {

/* Begin PBXBuildFile section */
		BF2BA85A1EFEEE4100B7163F /* AppDelegate.swift in Sources */ = {isa = PBXBuildFile; fileRef = BF2BA8591EFEEE4100B7163F /* AppDelegate.swift */; };
		BF2BA85C1EFEEE4100B7163F /* ViewController.swift in Sources */ = {isa = PBXBuildFile; fileRef = BF2BA85B1EFEEE4100B7163F /* ViewController.swift */; };
		BF2BA85F1EFEEE4100B7163F /* Main.storyboard in Resources */ = {isa = PBXBuildFile; fileRef = BF2BA85D1EFEEE4100B7163F /* Main.storyboard */; };
		BF2BA8611EFEEE4100B7163F /* Assets.xcassets in Resources */ = {isa = PBXBuildFile; fileRef = BF2BA8601EFEEE4100B7163F /* Assets.xcassets */; };
		BF2BA8641EFEEE4100B7163F /* LaunchScreen.storyboard in Resources */ = {isa = PBXBuildFile; fileRef = BF2BA8621EFEEE4100B7163F /* LaunchScreen.storyboard */; };
		BF2BA86F1EFEEE4100B7163F /* SaveTheKittensExceptTheHairlessOnesTests.swift in Sources */ = {isa = PBXBuildFile; fileRef = BF2BA86E1EFEEE4100B7163F /* SaveTheKittensExceptTheHairlessOnesTests.swift */; };
		BF2BA87A1EFEEE4100B7163F /* SaveTheKittensExceptTheHairlessOnesUITests.swift in Sources */ = {isa = PBXBuildFile; fileRef = BF2BA8791EFEEE4100B7163F /* SaveTheKittensExceptTheHairlessOnesUITests.swift */; };
/* End PBXBuildFile section */

/* Begin PBXContainerItemProxy section */
		BF2BA86B1EFEEE4100B7163F /* PBXContainerItemProxy */ = {
			isa = PBXContainerItemProxy;
			containerPortal = BF2BA84E1EFEEE4100B7163F /* Project object */;
			proxyType = 1;
			remoteGlobalIDString = BF2BA8551EFEEE4100B7163F;
			remoteInfo = SaveTheKittensExceptTheHairlessOnes;
		};
		BF2BA8761EFEEE4100B7163F /* PBXContainerItemProxy */ = {
			isa = PBXContainerItemProxy;
			containerPortal = BF2BA84E1EFEEE4100B7163F /* Project object */;
			proxyType = 1;
			remoteGlobalIDString = BF2BA8551EFEEE4100B7163F;
			remoteInfo = SaveTheKittensExceptTheHairlessOnes;
		};
/* End PBXContainerItemProxy section */

/* Begin PBXFileReference section */
		BF2BA8561EFEEE4100B7163F /* SaveTheKittensExceptTheHairlessOnes.app */ = {isa = PBXFileReference; explicitFileType = wrapper.application; includeInIndex = 0; path = SaveTheKittensExceptTheHairlessOnes.app; sourceTree = BUILT_PRODUCTS_DIR; };
		BF2BA8591EFEEE4100B7163F /* AppDelegate.swift */ = {isa = PBXFileReference; lastKnownFileType = sourcecode.swift; path = AppDelegate.swift; sourceTree = "<group>"; };
		BF2BA85B1EFEEE4100B7163F /* ViewController.swift */ = {isa = PBXFileReference; lastKnownFileType = sourcecode.swift; path = ViewController.swift; sourceTree = "<group>"; };
		BF2BA85E1EFEEE4100B7163F /* Base */ = {isa = PBXFileReference; lastKnownFileType = file.storyboard; name = Base; path = Base.lproj/Main.storyboard; sourceTree = "<group>"; };
		BF2BA8601EFEEE4100B7163F /* Assets.xcassets */ = {isa = PBXFileReference; lastKnownFileType = folder.assetcatalog; path = Assets.xcassets; sourceTree = "<group>"; };
		BF2BA8631EFEEE4100B7163F /* Base */ = {isa = PBXFileReference; lastKnownFileType = file.storyboard; name = Base; path = Base.lproj/LaunchScreen.storyboard; sourceTree = "<group>"; };
		BF2BA8651EFEEE4100B7163F /* Info.plist */ = {isa = PBXFileReference; lastKnownFileType = text.plist.xml; path = Info.plist; sourceTree = "<group>"; };
		BF2BA86A1EFEEE4100B7163F /* SaveTheKittensExceptTheHairlessOnesTests.xctest */ = {isa = PBXFileReference; explicitFileType = wrapper.cfbundle; includeInIndex = 0; path = SaveTheKittensExceptTheHairlessOnesTests.xctest; sourceTree = BUILT_PRODUCTS_DIR; };
		BF2BA86E1EFEEE4100B7163F /* SaveTheKittensExceptTheHairlessOnesTests.swift */ = {isa = PBXFileReference; lastKnownFileType = sourcecode.swift; path = SaveTheKittensExceptTheHairlessOnesTests.swift; sourceTree = "<group>"; };
		BF2BA8701EFEEE4100B7163F /* Info.plist */ = {isa = PBXFileReference; lastKnownFileType = text.plist.xml; path = Info.plist; sourceTree = "<group>"; };
		BF2BA8751EFEEE4100B7163F /* SaveTheKittensExceptTheHairlessOnesUITests.xctest */ = {isa = PBXFileReference; explicitFileType = wrapper.cfbundle; includeInIndex = 0; path = SaveTheKittensExceptTheHairlessOnesUITests.xctest; sourceTree = BUILT_PRODUCTS_DIR; };
		BF2BA8791EFEEE4100B7163F /* SaveTheKittensExceptTheHairlessOnesUITests.swift */ = {isa = PBXFileReference; lastKnownFileType = sourcecode.swift; path = SaveTheKittensExceptTheHairlessOnesUITests.swift; sourceTree = "<group>"; };
		BF2BA87B1EFEEE4100B7163F /* Info.plist */ = {isa = PBXFileReference; lastKnownFileType = text.plist.xml; path = Info.plist; sourceTree = "<group>"; };
/* End PBXFileReference section */

/* Begin PBXFrameworksBuildPhase section */
		BF2BA8531EFEEE4100B7163F /* Frameworks */ = {
			isa = PBXFrameworksBuildPhase;
			buildActionMask = 2147483647;
			files = (
			);
			runOnlyForDeploymentPostprocessing = 0;
		};
		BF2BA8671EFEEE4100B7163F /* Frameworks */ = {
			isa = PBXFrameworksBuildPhase;
			buildActionMask = 2147483647;
			files = (
			);
			runOnlyForDeploymentPostprocessing = 0;
		};
		BF2BA8721EFEEE4100B7163F /* Frameworks */ = {
			isa = PBXFrameworksBuildPhase;
			buildActionMask = 2147483647;
			files = (
			);
			runOnlyForDeploymentPostprocessing = 0;
		};
/* End PBXFrameworksBuildPhase section */

/* Begin PBXGroup section */
		BF2BA84D1EFEEE4100B7163F = {
			isa = PBXGroup;
			children = (
				BF2BA8581EFEEE4100B7163F /* SaveTheKittensExceptTheHairlessOnes */,
				BF2BA86D1EFEEE4100B7163F /* SaveTheKittensExceptTheHairlessOnesTests */,
				BF2BA8781EFEEE4100B7163F /* SaveTheKittensExceptTheHairlessOnesUITests */,
				BF2BA8571EFEEE4100B7163F /* Products */,
			);
			sourceTree = "<group>";
		};
		BF2BA8571EFEEE4100B7163F /* Products */ = {
			isa = PBXGroup;
			children = (
				BF2BA8561EFEEE4100B7163F /* SaveTheKittensExceptTheHairlessOnes.app */,
				BF2BA86A1EFEEE4100B7163F /* SaveTheKittensExceptTheHairlessOnesTests.xctest */,
				BF2BA8751EFEEE4100B7163F /* SaveTheKittensExceptTheHairlessOnesUITests.xctest */,
			);
			name = Products;
			sourceTree = "<group>";
		};
		BF2BA8581EFEEE4100B7163F /* SaveTheKittensExceptTheHairlessOnes */ = {
			isa = PBXGroup;
			children = (
				BF2BA8591EFEEE4100B7163F /* AppDelegate.swift */,
				BF2BA85B1EFEEE4100B7163F /* ViewController.swift */,
				BF2BA85D1EFEEE4100B7163F /* Main.storyboard */,
				BF2BA8601EFEEE4100B7163F /* Assets.xcassets */,
				BF2BA8621EFEEE4100B7163F /* LaunchScreen.storyboard */,
				BF2BA8651EFEEE4100B7163F /* Info.plist */,
			);
			path = SaveTheKittensExceptTheHairlessOnes;
			sourceTree = "<group>";
		};
		BF2BA86D1EFEEE4100B7163F /* SaveTheKittensExceptTheHairlessOnesTests */ = {
			isa = PBXGroup;
			children = (
				BF2BA86E1EFEEE4100B7163F /* SaveTheKittensExceptTheHairlessOnesTests.swift */,
				BF2BA8701EFEEE4100B7163F /* Info.plist */,
			);
			path = SaveTheKittensExceptTheHairlessOnesTests;
			sourceTree = "<group>";
		};
		BF2BA8781EFEEE4100B7163F /* SaveTheKittensExceptTheHairlessOnesUITests */ = {
			isa = PBXGroup;
			children = (
				BF2BA8791EFEEE4100B7163F /* SaveTheKittensExceptTheHairlessOnesUITests.swift */,
				BF2BA87B1EFEEE4100B7163F /* Info.plist */,
			);
			path = SaveTheKittensExceptTheHairlessOnesUITests;
			sourceTree = "<group>";
		};
/* End PBXGroup section */

/* Begin PBXNativeTarget section */
		BF2BA8551EFEEE4100B7163F /* SaveTheKittensExceptTheHairlessOnes */ = {
			isa = PBXNativeTarget;
			buildConfigurationList = BF2BA87E1EFEEE4100B7163F /* Build configuration list for PBXNativeTarget "SaveTheKittensExceptTheHairlessOnes" */;
			buildPhases = (
				BF2BA8521EFEEE4100B7163F /* Sources */,
				BF2BA8531EFEEE4100B7163F /* Frameworks */,
				BF2BA8541EFEEE4100B7163F /* Resources */,
			);
			buildRules = (
			);
			dependencies = (
			);
			name = SaveTheKittensExceptTheHairlessOnes;
			productName = SaveTheKittensExceptTheHairlessOnes;
			productReference = BF2BA8561EFEEE4100B7163F /* SaveTheKittensExceptTheHairlessOnes.app */;
			productType = "com.apple.product-type.application";
		};
		BF2BA8691EFEEE4100B7163F /* SaveTheKittensExceptTheHairlessOnesTests */ = {
			isa = PBXNativeTarget;
			buildConfigurationList = BF2BA8811EFEEE4100B7163F /* Build configuration list for PBXNativeTarget "SaveTheKittensExceptTheHairlessOnesTests" */;
			buildPhases = (
				BF2BA8661EFEEE4100B7163F /* Sources */,
				BF2BA8671EFEEE4100B7163F /* Frameworks */,
				BF2BA8681EFEEE4100B7163F /* Resources */,
			);
			buildRules = (
			);
			dependencies = (
				BF2BA86C1EFEEE4100B7163F /* PBXTargetDependency */,
			);
			name = SaveTheKittensExceptTheHairlessOnesTests;
			productName = SaveTheKittensExceptTheHairlessOnesTests;
			productReference = BF2BA86A1EFEEE4100B7163F /* SaveTheKittensExceptTheHairlessOnesTests.xctest */;
			productType = "com.apple.product-type.bundle.unit-test";
		};
		BF2BA8741EFEEE4100B7163F /* SaveTheKittensExceptTheHairlessOnesUITests */ = {
			isa = PBXNativeTarget;
			buildConfigurationList = BF2BA8841EFEEE4100B7163F /* Build configuration list for PBXNativeTarget "SaveTheKittensExceptTheHairlessOnesUITests" */;
			buildPhases = (
				BF2BA8711EFEEE4100B7163F /* Sources */,
				BF2BA8721EFEEE4100B7163F /* Frameworks */,
				BF2BA8731EFEEE4100B7163F /* Resources */,
			);
			buildRules = (
			);
			dependencies = (
				BF2BA8771EFEEE4100B7163F /* PBXTargetDependency */,
			);
			name = SaveTheKittensExceptTheHairlessOnesUITests;
			productName = SaveTheKittensExceptTheHairlessOnesUITests;
			productReference = BF2BA8751EFEEE4100B7163F /* SaveTheKittensExceptTheHairlessOnesUITests.xctest */;
			productType = "com.apple.product-type.bundle.ui-testing";
		};
/* End PBXNativeTarget section */

/* Begin PBXProject section */
		BF2BA84E1EFEEE4100B7163F /* Project object */ = {
			isa = PBXProject;
			attributes = {
				LastSwiftUpdateCheck = 0830;
				LastUpgradeCheck = 0830;
				ORGANIZATIONNAME = "Jacob Bailey";
				TargetAttributes = {
					BF2BA8551EFEEE4100B7163F = {
						CreatedOnToolsVersion = 8.3.3;
						DevelopmentTeam = 37U5S5HCGL;
						ProvisioningStyle = Automatic;
					};
					BF2BA8691EFEEE4100B7163F = {
						CreatedOnToolsVersion = 8.3.3;
						DevelopmentTeam = 37U5S5HCGL;
						ProvisioningStyle = Automatic;
						TestTargetID = BF2BA8551EFEEE4100B7163F;
					};
					BF2BA8741EFEEE4100B7163F = {
						CreatedOnToolsVersion = 8.3.3;
						DevelopmentTeam = 37U5S5HCGL;
						ProvisioningStyle = Automatic;
						TestTargetID = BF2BA8551EFEEE4100B7163F;
					};
				};
			};
			buildConfigurationList = BF2BA8511EFEEE4100B7163F /* Build configuration list for PBXProject "SaveTheKittensExceptTheHairlessOnes" */;
			compatibilityVersion = "Xcode 3.2";
			developmentRegion = English;
			hasScannedForEncodings = 0;
			knownRegions = (
				en,
				Base,
			);
			mainGroup = BF2BA84D1EFEEE4100B7163F;
			productRefGroup = BF2BA8571EFEEE4100B7163F /* Products */;
			projectDirPath = "";
			projectRoot = "";
			targets = (
				BF2BA8551EFEEE4100B7163F /* SaveTheKittensExceptTheHairlessOnes */,
				BF2BA8691EFEEE4100B7163F /* SaveTheKittensExceptTheHairlessOnesTests */,
				BF2BA8741EFEEE4100B7163F /* SaveTheKittensExceptTheHairlessOnesUITests */,
			);
		};
/* End PBXProject section */

/* Begin PBXResourcesBuildPhase section */
		BF2BA8541EFEEE4100B7163F /* Resources */ = {
			isa = PBXResourcesBuildPhase;
			buildActionMask = 2147483647;
			files = (
				BF2BA8641EFEEE4100B7163F /* LaunchScreen.storyboard in Resources */,
				BF2BA8611EFEEE4100B7163F /* Assets.xcassets in Resources */,
				BF2BA85F1EFEEE4100B7163F /* Main.storyboard in Resources */,
			);
			runOnlyForDeploymentPostprocessing = 0;
		};
		BF2BA8681EFEEE4100B7163F /* Resources */ = {
			isa = PBXResourcesBuildPhase;
			buildActionMask = 2147483647;
			files = (
			);
			runOnlyForDeploymentPostprocessing = 0;
		};
		BF2BA8731EFEEE4100B7163F /* Resources */ = {
			isa = PBXResourcesBuildPhase;
			buildActionMask = 2147483647;
			files = (
			);
			runOnlyForDeploymentPostprocessing = 0;
		};
/* End PBXResourcesBuildPhase section */

/* Begin PBXSourcesBuildPhase section */
		BF2BA8521EFEEE4100B7163F /* Sources */ = {
			isa = PBXSourcesBuildPhase;
			buildActionMask = 2147483647;
			files = (
				BF2BA85C1EFEEE4100B7163F /* ViewController.swift in Sources */,
				BF2BA85A1EFEEE4100B7163F /* AppDelegate.swift in Sources */,
			);
			runOnlyForDeploymentPostprocessing = 0;
		};
		BF2BA8661EFEEE4100B7163F /* Sources */ = {
			isa = PBXSourcesBuildPhase;
			buildActionMask = 2147483647;
			files = (
				BF2BA86F1EFEEE4100B7163F /* SaveTheKittensExceptTheHairlessOnesTests.swift in Sources */,
			);
			runOnlyForDeploymentPostprocessing = 0;
		};
		BF2BA8711EFEEE4100B7163F /* Sources */ = {
			isa = PBXSourcesBuildPhase;
			buildActionMask = 2147483647;
			files = (
				BF2BA87A1EFEEE4100B7163F /* SaveTheKittensExceptTheHairlessOnesUITests.swift in Sources */,
			);
			runOnlyForDeploymentPostprocessing = 0;
		};
/* End PBXSourcesBuildPhase section */

/* Begin PBXTargetDependency section */
		BF2BA86C1EFEEE4100B7163F /* PBXTargetDependency */ = {
			isa = PBXTargetDependency;
			target = BF2BA8551EFEEE4100B7163F /* SaveTheKittensExceptTheHairlessOnes */;
			targetProxy = BF2BA86B1EFEEE4100B7163F /* PBXContainerItemProxy */;
		};
		BF2BA8771EFEEE4100B7163F /* PBXTargetDependency */ = {
			isa = PBXTargetDependency;
			target = BF2BA8551EFEEE4100B7163F /* SaveTheKittensExceptTheHairlessOnes */;
			targetProxy = BF2BA8761EFEEE4100B7163F /* PBXContainerItemProxy */;
		};
/* End PBXTargetDependency section */

/* Begin PBXVariantGroup section */
		BF2BA85D1EFEEE4100B7163F /* Main.storyboard */ = {
			isa = PBXVariantGroup;
			children = (
				BF2BA85E1EFEEE4100B7163F /* Base */,
			);
			name = Main.storyboard;
			sourceTree = "<group>";
		};
		BF2BA8621EFEEE4100B7163F /* LaunchScreen.storyboard */ = {
			isa = PBXVariantGroup;
			children = (
				BF2BA8631EFEEE4100B7163F /* Base */,
			);
			name = LaunchScreen.storyboard;
			sourceTree = "<group>";
		};
/* End PBXVariantGroup section */

/* Begin XCBuildConfiguration section */
		BF2BA87C1EFEEE4100B7163F /* Debug */ = {
			isa = XCBuildConfiguration;
			buildSettings = {
				ALWAYS_SEARCH_USER_PATHS = NO;
				CLANG_ANALYZER_NONNULL = YES;
				CLANG_ANALYZER_NUMBER_OBJECT_CONVERSION = YES_AGGRESSIVE;
				CLANG_CXX_LANGUAGE_STANDARD = "gnu++0x";
				CLANG_CXX_LIBRARY = "libc++";
				CLANG_ENABLE_MODULES = YES;
				CLANG_ENABLE_OBJC_ARC = YES;
				CLANG_WARN_BOOL_CONVERSION = YES;
				CLANG_WARN_CONSTANT_CONVERSION = YES;
				CLANG_WARN_DIRECT_OBJC_ISA_USAGE = YES_ERROR;
				CLANG_WARN_DOCUMENTATION_COMMENTS = YES;
				CLANG_WARN_EMPTY_BODY = YES;
				CLANG_WARN_ENUM_CONVERSION = YES;
				CLANG_WARN_INFINITE_RECURSION = YES;
				CLANG_WARN_INT_CONVERSION = YES;
				CLANG_WARN_OBJC_ROOT_CLASS = YES_ERROR;
				CLANG_WARN_SUSPICIOUS_MOVE = YES;
				CLANG_WARN_UNREACHABLE_CODE = YES;
				CLANG_WARN__DUPLICATE_METHOD_MATCH = YES;
				"CODE_SIGN_IDENTITY[sdk=iphoneos*]" = "iPhone Developer";
				COPY_PHASE_STRIP = NO;
				DEBUG_INFORMATION_FORMAT = dwarf;
				ENABLE_STRICT_OBJC_MSGSEND = YES;
				ENABLE_TESTABILITY = YES;
				GCC_C_LANGUAGE_STANDARD = gnu99;
				GCC_DYNAMIC_NO_PIC = NO;
				GCC_NO_COMMON_BLOCKS = YES;
				GCC_OPTIMIZATION_LEVEL = 0;
				GCC_PREPROCESSOR_DEFINITIONS = (
					"DEBUG=1",
					"$(inherited)",
				);
				GCC_WARN_64_TO_32_BIT_CONVERSION = YES;
				GCC_WARN_ABOUT_RETURN_TYPE = YES_ERROR;
				GCC_WARN_UNDECLARED_SELECTOR = YES;
				GCC_WARN_UNINITIALIZED_AUTOS = YES_AGGRESSIVE;
				GCC_WARN_UNUSED_FUNCTION = YES;
				GCC_WARN_UNUSED_VARIABLE = YES;
				IPHONEOS_DEPLOYMENT_TARGET = 10.3;
				MTL_ENABLE_DEBUG_INFO = YES;
				ONLY_ACTIVE_ARCH = YES;
				SDKROOT = iphoneos;
				SWIFT_ACTIVE_COMPILATION_CONDITIONS = DEBUG;
				SWIFT_OPTIMIZATION_LEVEL = "-Onone";
				TARGETED_DEVICE_FAMILY = "1,2";
			};
			name = Debug;
		};
		BF2BA87D1EFEEE4100B7163F /* Release */ = {
			isa = XCBuildConfiguration;
			buildSettings = {
				ALWAYS_SEARCH_USER_PATHS = NO;
				CLANG_ANALYZER_NONNULL = YES;
				CLANG_ANALYZER_NUMBER_OBJECT_CONVERSION = YES_AGGRESSIVE;
				CLANG_CXX_LANGUAGE_STANDARD = "gnu++0x";
				CLANG_CXX_LIBRARY = "libc++";
				CLANG_ENABLE_MODULES = YES;
				CLANG_ENABLE_OBJC_ARC = YES;
				CLANG_WARN_BOOL_CONVERSION = YES;
				CLANG_WARN_CONSTANT_CONVERSION = YES;
				CLANG_WARN_DIRECT_OBJC_ISA_USAGE = YES_ERROR;
				CLANG_WARN_DOCUMENTATION_COMMENTS = YES;
				CLANG_WARN_EMPTY_BODY = YES;
				CLANG_WARN_ENUM_CONVERSION = YES;
				CLANG_WARN_INFINITE_RECURSION = YES;
				CLANG_WARN_INT_CONVERSION = YES;
				CLANG_WARN_OBJC_ROOT_CLASS = YES_ERROR;
				CLANG_WARN_SUSPICIOUS_MOVE = YES;
				CLANG_WARN_UNREACHABLE_CODE = YES;
				CLANG_WARN__DUPLICATE_METHOD_MATCH = YES;
				"CODE_SIGN_IDENTITY[sdk=iphoneos*]" = "iPhone Developer";
				COPY_PHASE_STRIP = NO;
				DEBUG_INFORMATION_FORMAT = "dwarf-with-dsym";
				ENABLE_NS_ASSERTIONS = NO;
				ENABLE_STRICT_OBJC_MSGSEND = YES;
				GCC_C_LANGUAGE_STANDARD = gnu99;
				GCC_NO_COMMON_BLOCKS = YES;
				GCC_WARN_64_TO_32_BIT_CONVERSION = YES;
				GCC_WARN_ABOUT_RETURN_TYPE = YES_ERROR;
				GCC_WARN_UNDECLARED_SELECTOR = YES;
				GCC_WARN_UNINITIALIZED_AUTOS = YES_AGGRESSIVE;
				GCC_WARN_UNUSED_FUNCTION = YES;
				GCC_WARN_UNUSED_VARIABLE = YES;
				IPHONEOS_DEPLOYMENT_TARGET = 10.3;
				MTL_ENABLE_DEBUG_INFO = NO;
				SDKROOT = iphoneos;
				SWIFT_OPTIMIZATION_LEVEL = "-Owholemodule";
				TARGETED_DEVICE_FAMILY = "1,2";
				VALIDATE_PRODUCT = YES;
			};
			name = Release;
		};
		BF2BA87F1EFEEE4100B7163F /* Debug */ = {
			isa = XCBuildConfiguration;
			buildSettings = {
				ASSETCATALOG_COMPILER_APPICON_NAME = AppIcon;
				DEVELOPMENT_TEAM = 37U5S5HCGL;
				INFOPLIST_FILE = SaveTheKittensExceptTheHairlessOnes/Info.plist;
				LD_RUNPATH_SEARCH_PATHS = "$(inherited) @executable_path/Frameworks";
				PRODUCT_BUNDLE_IDENTIFIER = com.jacobbailey.SaveTheKittensExceptTheHairlessOnes;
				PRODUCT_NAME = "$(TARGET_NAME)";
				SWIFT_VERSION = 3.0;
			};
			name = Debug;
		};
		BF2BA8801EFEEE4100B7163F /* Release */ = {
			isa = XCBuildConfiguration;
			buildSettings = {
				ASSETCATALOG_COMPILER_APPICON_NAME = AppIcon;
				DEVELOPMENT_TEAM = 37U5S5HCGL;
				INFOPLIST_FILE = SaveTheKittensExceptTheHairlessOnes/Info.plist;
				LD_RUNPATH_SEARCH_PATHS = "$(inherited) @executable_path/Frameworks";
				PRODUCT_BUNDLE_IDENTIFIER = com.jacobbailey.SaveTheKittensExceptTheHairlessOnes;
				PRODUCT_NAME = "$(TARGET_NAME)";
				SWIFT_VERSION = 3.0;
			};
			name = Release;
		};
		BF2BA8821EFEEE4100B7163F /* Debug */ = {
			isa = XCBuildConfiguration;
			buildSettings = {
				ALWAYS_EMBED_SWIFT_STANDARD_LIBRARIES = YES;
				BUNDLE_LOADER = "$(TEST_HOST)";
				DEVELOPMENT_TEAM = 37U5S5HCGL;
				INFOPLIST_FILE = SaveTheKittensExceptTheHairlessOnesTests/Info.plist;
				LD_RUNPATH_SEARCH_PATHS = "$(inherited) @executable_path/Frameworks @loader_path/Frameworks";
				PRODUCT_BUNDLE_IDENTIFIER = com.jacobbailey.SaveTheKittensExceptTheHairlessOnesTests;
				PRODUCT_NAME = "$(TARGET_NAME)";
				SWIFT_VERSION = 3.0;
				TEST_HOST = "$(BUILT_PRODUCTS_DIR)/SaveTheKittensExceptTheHairlessOnes.app/SaveTheKittensExceptTheHairlessOnes";
			};
			name = Debug;
		};
		BF2BA8831EFEEE4100B7163F /* Release */ = {
			isa = XCBuildConfiguration;
			buildSettings = {
				ALWAYS_EMBED_SWIFT_STANDARD_LIBRARIES = YES;
				BUNDLE_LOADER = "$(TEST_HOST)";
				DEVELOPMENT_TEAM = 37U5S5HCGL;
				INFOPLIST_FILE = SaveTheKittensExceptTheHairlessOnesTests/Info.plist;
				LD_RUNPATH_SEARCH_PATHS = "$(inherited) @executable_path/Frameworks @loader_path/Frameworks";
				PRODUCT_BUNDLE_IDENTIFIER = com.jacobbailey.SaveTheKittensExceptTheHairlessOnesTests;
				PRODUCT_NAME = "$(TARGET_NAME)";
				SWIFT_VERSION = 3.0;
				TEST_HOST = "$(BUILT_PRODUCTS_DIR)/SaveTheKittensExceptTheHairlessOnes.app/SaveTheKittensExceptTheHairlessOnes";
			};
			name = Release;
		};
		BF2BA8851EFEEE4100B7163F /* Debug */ = {
			isa = XCBuildConfiguration;
			buildSettings = {
				ALWAYS_EMBED_SWIFT_STANDARD_LIBRARIES = YES;
				DEVELOPMENT_TEAM = 37U5S5HCGL;
				INFOPLIST_FILE = SaveTheKittensExceptTheHairlessOnesUITests/Info.plist;
				LD_RUNPATH_SEARCH_PATHS = "$(inherited) @executable_path/Frameworks @loader_path/Frameworks";
				PRODUCT_BUNDLE_IDENTIFIER = com.jacobbailey.SaveTheKittensExceptTheHairlessOnesUITests;
				PRODUCT_NAME = "$(TARGET_NAME)";
				SWIFT_VERSION = 3.0;
				TEST_TARGET_NAME = SaveTheKittensExceptTheHairlessOnes;
			};
			name = Debug;
		};
		BF2BA8861EFEEE4100B7163F /* Release */ = {
			isa = XCBuildConfiguration;
			buildSettings = {
				ALWAYS_EMBED_SWIFT_STANDARD_LIBRARIES = YES;
				DEVELOPMENT_TEAM = 37U5S5HCGL;
				INFOPLIST_FILE = SaveTheKittensExceptTheHairlessOnesUITests/Info.plist;
				LD_RUNPATH_SEARCH_PATHS = "$(inherited) @executable_path/Frameworks @loader_path/Frameworks";
				PRODUCT_BUNDLE_IDENTIFIER = com.jacobbailey.SaveTheKittensExceptTheHairlessOnesUITests;
				PRODUCT_NAME = "$(TARGET_NAME)";
				SWIFT_VERSION = 3.0;
				TEST_TARGET_NAME = SaveTheKittensExceptTheHairlessOnes;
			};
			name = Release;
		};
/* End XCBuildConfiguration section */

/* Begin XCConfigurationList section */
		BF2BA8511EFEEE4100B7163F /* Build configuration list for PBXProject "SaveTheKittensExceptTheHairlessOnes" */ = {
			isa = XCConfigurationList;
			buildConfigurations = (
				BF2BA87C1EFEEE4100B7163F /* Debug */,
				BF2BA87D1EFEEE4100B7163F /* Release */,
			);
			defaultConfigurationIsVisible = 0;
			defaultConfigurationName = Release;
		};
		BF2BA87E1EFEEE4100B7163F /* Build configuration list for PBXNativeTarget "SaveTheKittensExceptTheHairlessOnes" */ = {
			isa = XCConfigurationList;
			buildConfigurations = (
				BF2BA87F1EFEEE4100B7163F /* Debug */,
				BF2BA8801EFEEE4100B7163F /* Release */,
			);
			defaultConfigurationIsVisible = 0;
		};
		BF2BA8811EFEEE4100B7163F /* Build configuration list for PBXNativeTarget "SaveTheKittensExceptTheHairlessOnesTests" */ = {
			isa = XCConfigurationList;
			buildConfigurations = (
				BF2BA8821EFEEE4100B7163F /* Debug */,
				BF2BA8831EFEEE4100B7163F /* Release */,
			);
			defaultConfigurationIsVisible = 0;
		};
		BF2BA8841EFEEE4100B7163F /* Build configuration list for PBXNativeTarget "SaveTheKittensExceptTheHairlessOnesUITests" */ = {
			isa = XCConfigurationList;
			buildConfigurations = (
				BF2BA8851EFEEE4100B7163F /* Debug */,
				BF2BA8861EFEEE4100B7163F /* Release */,
			);
			defaultConfigurationIsVisible = 0;
		};
/* End XCConfigurationList section */
	};
	rootObject = BF2BA84E1EFEEE4100B7163F /* Project object */;
}
